
Microsoft Visual Studio Solution File, Format Version 12.00
# Visual Studio Version 17
VisualStudioVersion = 17.5.33627.172
MinimumVisualStudioVersion = 10.0.40219.1
Project("{9A19103F-16F7-4668-BE54-9A1E7A4F7556}") = "Apartments.API", "Services\Apartments\Apartments.API\Apartments.API.csproj", "{BFA0EE56-F448-49BF-BD9A-F94692BF0D6E}"
EndProject
Project("{9A19103F-16F7-4668-BE54-9A1E7A4F7556}") = "Apartments.Domain", "Services\Apartments\Apartments.Domain\Apartments.Domain.csproj", "{C0AB54CA-4C96-46BD-B55E-9AD878528BC7}"
EndProject
Project("{9A19103F-16F7-4668-BE54-9A1E7A4F7556}") = "Apartments.Infrastructure", "Services\Apartments\Apartments.Infrastructure\Apartments.Infrastructure.csproj", "{9C835DF7-A90F-410D-A035-D3177D4BAF80}"
EndProject
Project("{9A19103F-16F7-4668-BE54-9A1E7A4F7556}") = "Apartments.Application", "Services\Apartments\Apartments.Application\Apartments.Application.csproj", "{7D78704C-B2ED-43C3-9EA9-08ACE8AA2E65}"
EndProject
Project("{E53339B2-1760-4266-BCC7-CA923CBCF16C}") = "docker-compose", "docker-compose.dcproj", "{25F1AD23-89AA-4A7C-8BEB-223CAA9FE60D}"
EndProject
Project("{2150E333-8FDC-42A3-9474-1A3956D46DE8}") = "Apartments", "Apartments", "{B8403B6A-9CC4-4F2E-B1BB-D69F9E88A562}"
EndProject
Project("{9A19103F-16F7-4668-BE54-9A1E7A4F7556}") = "Rooms.Api", "Services\Rooms\Rooms.Api\Rooms.Api.csproj", "{D91EF265-DD64-45C6-9B2D-2CFA54DE789C}"
EndProject
Project("{9A19103F-16F7-4668-BE54-9A1E7A4F7556}") = "Rooms.Application", "Services\Rooms\Rooms.Application\Rooms.Application.csproj", "{B09178C0-457D-4E6F-88E0-E78A397F8121}"
EndProject
Project("{9A19103F-16F7-4668-BE54-9A1E7A4F7556}") = "Rooms.Infrastructure", "Services\Rooms\Rooms.Infrastructure\Rooms.Infrastructure.csproj", "{3CABD95E-8B3A-4DBE-B07B-F27FAA7020F2}"
EndProject
Project("{9A19103F-16F7-4668-BE54-9A1E7A4F7556}") = "Rooms.Domain", "Services\Rooms\Rooms.Domain\Rooms.Domain.csproj", "{E1C67EDE-C1DD-43AD-B9F6-0BD64B12D8F8}"
EndProject
Project("{2150E333-8FDC-42A3-9474-1A3956D46DE8}") = "Rooms", "Rooms", "{3894CD59-C6EA-46C2-94F2-9494CAFBF076}"
EndProject
Project("{9A19103F-16F7-4668-BE54-9A1E7A4F7556}") = "Contracts", "Services\Contracts\Contracts.csproj", "{1C07384E-60E3-4CED-A548-BFE11D492397}"
EndProject
Project("{9A19103F-16F7-4668-BE54-9A1E7A4F7556}") = "Tenants.Application", "Services\Tenants\Tenants.Application\Tenants.Application.csproj", "{07C96AA2-FFB1-4F1D-ADAA-6AA398AC2C99}"
EndProject
Project("{9A19103F-16F7-4668-BE54-9A1E7A4F7556}") = "Tenants.Domain", "Services\Tenants\Tenants.Domain\Tenants.Domain.csproj", "{B12263D7-A3B6-4B16-98AC-FBC9173F60FF}"
EndProject
Project("{9A19103F-16F7-4668-BE54-9A1E7A4F7556}") = "Tenants.Infrastructure", "Services\Tenants\Tenants.Infrastructure\Tenants.Infrastructure.csproj", "{D95A0258-1E50-4918-A735-90BB5B188563}"
EndProject
Project("{2150E333-8FDC-42A3-9474-1A3956D46DE8}") = "Tenants", "Tenants", "{A16D263B-F303-4523-A6AE-98E46CAEFA8E}"
EndProject
Project("{2150E333-8FDC-42A3-9474-1A3956D46DE8}") = "Gateway", "Gateway", "{8639C879-F9A2-4D4B-8877-7B5887B49536}"
EndProject
Project("{9A19103F-16F7-4668-BE54-9A1E7A4F7556}") = "Gateway.Api", "Services\Gateway\Gateway.Api\Gateway.Api.csproj", "{FE73D86B-8CC7-499D-A39A-4D8A5F2647F2}"
EndProject
Project("{9A19103F-16F7-4668-BE54-9A1E7A4F7556}") = "Tenants.Api", "Services\Tenants\Tenants.Api\Tenants.Api.csproj", "{10CF4E69-E021-453F-A6A6-E90275B968BA}"
EndProject
Project("{2150E333-8FDC-42A3-9474-1A3956D46DE8}") = "Statistics", "Statistics", "{10B78E31-01D5-4B70-95E0-66F08A9118AA}"
EndProject
Project("{FAE04EC0-301F-11D3-BF4B-00C04F79EFBC}") = "Statistics.Api", "Services\Statistics\Statistics.Api\Statistics.Api.csproj", "{E1A20D13-5219-43BB-A349-7E41A520AAD9}"
EndProject
Global
	GlobalSection(SolutionConfigurationPlatforms) = preSolution
		Debug|Any CPU = Debug|Any CPU
		Release|Any CPU = Release|Any CPU
	EndGlobalSection
	GlobalSection(ProjectConfigurationPlatforms) = postSolution
		{BFA0EE56-F448-49BF-BD9A-F94692BF0D6E}.Debug|Any CPU.ActiveCfg = Debug|Any CPU
		{BFA0EE56-F448-49BF-BD9A-F94692BF0D6E}.Debug|Any CPU.Build.0 = Debug|Any CPU
		{BFA0EE56-F448-49BF-BD9A-F94692BF0D6E}.Release|Any CPU.ActiveCfg = Release|Any CPU
		{BFA0EE56-F448-49BF-BD9A-F94692BF0D6E}.Release|Any CPU.Build.0 = Release|Any CPU
		{C0AB54CA-4C96-46BD-B55E-9AD878528BC7}.Debug|Any CPU.ActiveCfg = Debug|Any CPU
		{C0AB54CA-4C96-46BD-B55E-9AD878528BC7}.Debug|Any CPU.Build.0 = Debug|Any CPU
		{C0AB54CA-4C96-46BD-B55E-9AD878528BC7}.Release|Any CPU.ActiveCfg = Release|Any CPU
		{C0AB54CA-4C96-46BD-B55E-9AD878528BC7}.Release|Any CPU.Build.0 = Release|Any CPU
		{9C835DF7-A90F-410D-A035-D3177D4BAF80}.Debug|Any CPU.ActiveCfg = Debug|Any CPU
		{9C835DF7-A90F-410D-A035-D3177D4BAF80}.Debug|Any CPU.Build.0 = Debug|Any CPU
		{9C835DF7-A90F-410D-A035-D3177D4BAF80}.Release|Any CPU.ActiveCfg = Release|Any CPU
		{9C835DF7-A90F-410D-A035-D3177D4BAF80}.Release|Any CPU.Build.0 = Release|Any CPU
		{7D78704C-B2ED-43C3-9EA9-08ACE8AA2E65}.Debug|Any CPU.ActiveCfg = Debug|Any CPU
		{7D78704C-B2ED-43C3-9EA9-08ACE8AA2E65}.Debug|Any CPU.Build.0 = Debug|Any CPU
		{7D78704C-B2ED-43C3-9EA9-08ACE8AA2E65}.Release|Any CPU.ActiveCfg = Release|Any CPU
		{7D78704C-B2ED-43C3-9EA9-08ACE8AA2E65}.Release|Any CPU.Build.0 = Release|Any CPU
		{25F1AD23-89AA-4A7C-8BEB-223CAA9FE60D}.Debug|Any CPU.ActiveCfg = Debug|Any CPU
		{25F1AD23-89AA-4A7C-8BEB-223CAA9FE60D}.Debug|Any CPU.Build.0 = Debug|Any CPU
		{25F1AD23-89AA-4A7C-8BEB-223CAA9FE60D}.Release|Any CPU.ActiveCfg = Release|Any CPU
		{25F1AD23-89AA-4A7C-8BEB-223CAA9FE60D}.Release|Any CPU.Build.0 = Release|Any CPU
		{D91EF265-DD64-45C6-9B2D-2CFA54DE789C}.Debug|Any CPU.ActiveCfg = Debug|Any CPU
		{D91EF265-DD64-45C6-9B2D-2CFA54DE789C}.Debug|Any CPU.Build.0 = Debug|Any CPU
		{D91EF265-DD64-45C6-9B2D-2CFA54DE789C}.Release|Any CPU.ActiveCfg = Release|Any CPU
		{D91EF265-DD64-45C6-9B2D-2CFA54DE789C}.Release|Any CPU.Build.0 = Release|Any CPU
		{B09178C0-457D-4E6F-88E0-E78A397F8121}.Debug|Any CPU.ActiveCfg = Debug|Any CPU
		{B09178C0-457D-4E6F-88E0-E78A397F8121}.Debug|Any CPU.Build.0 = Debug|Any CPU
		{B09178C0-457D-4E6F-88E0-E78A397F8121}.Release|Any CPU.ActiveCfg = Release|Any CPU
		{B09178C0-457D-4E6F-88E0-E78A397F8121}.Release|Any CPU.Build.0 = Release|Any CPU
		{3CABD95E-8B3A-4DBE-B07B-F27FAA7020F2}.Debug|Any CPU.ActiveCfg = Debug|Any CPU
		{3CABD95E-8B3A-4DBE-B07B-F27FAA7020F2}.Debug|Any CPU.Build.0 = Debug|Any CPU
		{3CABD95E-8B3A-4DBE-B07B-F27FAA7020F2}.Release|Any CPU.ActiveCfg = Release|Any CPU
		{3CABD95E-8B3A-4DBE-B07B-F27FAA7020F2}.Release|Any CPU.Build.0 = Release|Any CPU
		{E1C67EDE-C1DD-43AD-B9F6-0BD64B12D8F8}.Debug|Any CPU.ActiveCfg = Debug|Any CPU
		{E1C67EDE-C1DD-43AD-B9F6-0BD64B12D8F8}.Debug|Any CPU.Build.0 = Debug|Any CPU
		{E1C67EDE-C1DD-43AD-B9F6-0BD64B12D8F8}.Release|Any CPU.ActiveCfg = Release|Any CPU
		{E1C67EDE-C1DD-43AD-B9F6-0BD64B12D8F8}.Release|Any CPU.Build.0 = Release|Any CPU
		{1C07384E-60E3-4CED-A548-BFE11D492397}.Debug|Any CPU.ActiveCfg = Debug|Any CPU
		{1C07384E-60E3-4CED-A548-BFE11D492397}.Debug|Any CPU.Build.0 = Debug|Any CPU
		{1C07384E-60E3-4CED-A548-BFE11D492397}.Release|Any CPU.ActiveCfg = Release|Any CPU
		{1C07384E-60E3-4CED-A548-BFE11D492397}.Release|Any CPU.Build.0 = Release|Any CPU
		{07C96AA2-FFB1-4F1D-ADAA-6AA398AC2C99}.Debug|Any CPU.ActiveCfg = Debug|Any CPU
		{07C96AA2-FFB1-4F1D-ADAA-6AA398AC2C99}.Debug|Any CPU.Build.0 = Debug|Any CPU
		{07C96AA2-FFB1-4F1D-ADAA-6AA398AC2C99}.Release|Any CPU.ActiveCfg = Release|Any CPU
		{07C96AA2-FFB1-4F1D-ADAA-6AA398AC2C99}.Release|Any CPU.Build.0 = Release|Any CPU
		{B12263D7-A3B6-4B16-98AC-FBC9173F60FF}.Debug|Any CPU.ActiveCfg = Debug|Any CPU
		{B12263D7-A3B6-4B16-98AC-FBC9173F60FF}.Debug|Any CPU.Build.0 = Debug|Any CPU
		{B12263D7-A3B6-4B16-98AC-FBC9173F60FF}.Release|Any CPU.ActiveCfg = Release|Any CPU
		{B12263D7-A3B6-4B16-98AC-FBC9173F60FF}.Release|Any CPU.Build.0 = Release|Any CPU
		{D95A0258-1E50-4918-A735-90BB5B188563}.Debug|Any CPU.ActiveCfg = Debug|Any CPU
		{D95A0258-1E50-4918-A735-90BB5B188563}.Debug|Any CPU.Build.0 = Debug|Any CPU
		{D95A0258-1E50-4918-A735-90BB5B188563}.Release|Any CPU.ActiveCfg = Release|Any CPU
		{D95A0258-1E50-4918-A735-90BB5B188563}.Release|Any CPU.Build.0 = Release|Any CPU
		{FE73D86B-8CC7-499D-A39A-4D8A5F2647F2}.Debug|Any CPU.ActiveCfg = Debug|Any CPU
		{FE73D86B-8CC7-499D-A39A-4D8A5F2647F2}.Debug|Any CPU.Build.0 = Debug|Any CPU
		{FE73D86B-8CC7-499D-A39A-4D8A5F2647F2}.Release|Any CPU.ActiveCfg = Release|Any CPU
		{FE73D86B-8CC7-499D-A39A-4D8A5F2647F2}.Release|Any CPU.Build.0 = Release|Any CPU
		{10CF4E69-E021-453F-A6A6-E90275B968BA}.Debug|Any CPU.ActiveCfg = Debug|Any CPU
		{10CF4E69-E021-453F-A6A6-E90275B968BA}.Debug|Any CPU.Build.0 = Debug|Any CPU
		{10CF4E69-E021-453F-A6A6-E90275B968BA}.Release|Any CPU.ActiveCfg = Release|Any CPU
		{10CF4E69-E021-453F-A6A6-E90275B968BA}.Release|Any CPU.Build.0 = Release|Any CPU
		{E1A20D13-5219-43BB-A349-7E41A520AAD9}.Debug|Any CPU.ActiveCfg = Debug|Any CPU
		{E1A20D13-5219-43BB-A349-7E41A520AAD9}.Debug|Any CPU.Build.0 = Debug|Any CPU
		{E1A20D13-5219-43BB-A349-7E41A520AAD9}.Release|Any CPU.ActiveCfg = Release|Any CPU
		{E1A20D13-5219-43BB-A349-7E41A520AAD9}.Release|Any CPU.Build.0 = Release|Any CPU
	EndGlobalSection
	GlobalSection(SolutionProperties) = preSolution
		HideSolutionNode = FALSE
	EndGlobalSection
	GlobalSection(NestedProjects) = preSolution
		{BFA0EE56-F448-49BF-BD9A-F94692BF0D6E} = {B8403B6A-9CC4-4F2E-B1BB-D69F9E88A562}
		{C0AB54CA-4C96-46BD-B55E-9AD878528BC7} = {B8403B6A-9CC4-4F2E-B1BB-D69F9E88A562}
		{9C835DF7-A90F-410D-A035-D3177D4BAF80} = {B8403B6A-9CC4-4F2E-B1BB-D69F9E88A562}
		{7D78704C-B2ED-43C3-9EA9-08ACE8AA2E65} = {B8403B6A-9CC4-4F2E-B1BB-D69F9E88A562}
		{D91EF265-DD64-45C6-9B2D-2CFA54DE789C} = {3894CD59-C6EA-46C2-94F2-9494CAFBF076}
		{B09178C0-457D-4E6F-88E0-E78A397F8121} = {3894CD59-C6EA-46C2-94F2-9494CAFBF076}
		{3CABD95E-8B3A-4DBE-B07B-F27FAA7020F2} = {3894CD59-C6EA-46C2-94F2-9494CAFBF076}
		{E1C67EDE-C1DD-43AD-B9F6-0BD64B12D8F8} = {3894CD59-C6EA-46C2-94F2-9494CAFBF076}
		{07C96AA2-FFB1-4F1D-ADAA-6AA398AC2C99} = {A16D263B-F303-4523-A6AE-98E46CAEFA8E}
		{B12263D7-A3B6-4B16-98AC-FBC9173F60FF} = {A16D263B-F303-4523-A6AE-98E46CAEFA8E}
		{D95A0258-1E50-4918-A735-90BB5B188563} = {A16D263B-F303-4523-A6AE-98E46CAEFA8E}
		{FE73D86B-8CC7-499D-A39A-4D8A5F2647F2} = {8639C879-F9A2-4D4B-8877-7B5887B49536}
		{10CF4E69-E021-453F-A6A6-E90275B968BA} = {A16D263B-F303-4523-A6AE-98E46CAEFA8E}
	EndGlobalSection
	GlobalSection(ExtensibilityGlobals) = postSolution
		SolutionGuid = {83ECAA8C-B444-4862-B164-ABC177648439}
	EndGlobalSection
EndGlobal
