
Microsoft Visual Studio Solution File, Format Version 12.00
# Visual Studio Version 17
VisualStudioVersion = 17.5.33627.172
MinimumVisualStudioVersion = 10.0.40219.1
Project("{9A19103F-16F7-4668-BE54-9A1E7A4F7556}") = "Apartments.API", "Services\Apartments\Apartments.API\Apartments.API.csproj", "{BFA0EE56-F448-49BF-BD9A-F94692BF0D6E}"
EndProject
Project("{9A19103F-16F7-4668-BE54-9A1E7A4F7556}") = "Apartments.Domain", "Services\Apartments\Apartments.Domain\Apartments.Domain.csproj", "{C0AB54CA-4C96-46BD-B55E-9AD878528BC7}"
EndProject
Project("{9A19103F-16F7-4668-BE54-9A1E7A4F7556}") = "Apartments.Infrastructure", "Services\Apartments\Apartments.Infrastructure\Apartments.Infrastructure.csproj", "{9C835DF7-A90F-410D-A035-D3177D4BAF80}"
EndProject
Project("{9A19103F-16F7-4668-BE54-9A1E7A4F7556}") = "Apartments.Application", "Services\Apartments\Apartments.Application\Apartments.Application.csproj", "{7D78704C-B2ED-43C3-9EA9-08ACE8AA2E65}"
EndProject
Project("{E53339B2-1760-4266-BCC7-CA923CBCF16C}") = "docker-compose", "docker-compose.dcproj", "{25F1AD23-89AA-4A7C-8BEB-223CAA9FE60D}"
EndProject
Global
	GlobalSection(SolutionConfigurationPlatforms) = preSolution
		Debug|Any CPU = Debug|Any CPU
		Release|Any CPU = Release|Any CPU
	EndGlobalSection
	GlobalSection(ProjectConfigurationPlatforms) = postSolution
		{BFA0EE56-F448-49BF-BD9A-F94692BF0D6E}.Debug|Any CPU.ActiveCfg = Debug|Any CPU
		{BFA0EE56-F448-49BF-BD9A-F94692BF0D6E}.Debug|Any CPU.Build.0 = Debug|Any CPU
		{BFA0EE56-F448-49BF-BD9A-F94692BF0D6E}.Release|Any CPU.ActiveCfg = Release|Any CPU
		{BFA0EE56-F448-49BF-BD9A-F94692BF0D6E}.Release|Any CPU.Build.0 = Release|Any CPU
		{C0AB54CA-4C96-46BD-B55E-9AD878528BC7}.Debug|Any CPU.ActiveCfg = Debug|Any CPU
		{C0AB54CA-4C96-46BD-B55E-9AD878528BC7}.Debug|Any CPU.Build.0 = Debug|Any CPU
		{C0AB54CA-4C96-46BD-B55E-9AD878528BC7}.Release|Any CPU.ActiveCfg = Release|Any CPU
		{C0AB54CA-4C96-46BD-B55E-9AD878528BC7}.Release|Any CPU.Build.0 = Release|Any CPU
		{9C835DF7-A90F-410D-A035-D3177D4BAF80}.Debug|Any CPU.ActiveCfg = Debug|Any CPU
		{9C835DF7-A90F-410D-A035-D3177D4BAF80}.Debug|Any CPU.Build.0 = Debug|Any CPU
		{9C835DF7-A90F-410D-A035-D3177D4BAF80}.Release|Any CPU.ActiveCfg = Release|Any CPU
		{9C835DF7-A90F-410D-A035-D3177D4BAF80}.Release|Any CPU.Build.0 = Release|Any CPU
		{7D78704C-B2ED-43C3-9EA9-08ACE8AA2E65}.Debug|Any CPU.ActiveCfg = Debug|Any CPU
		{7D78704C-B2ED-43C3-9EA9-08ACE8AA2E65}.Debug|Any CPU.Build.0 = Debug|Any CPU
		{7D78704C-B2ED-43C3-9EA9-08ACE8AA2E65}.Release|Any CPU.ActiveCfg = Release|Any CPU
		{7D78704C-B2ED-43C3-9EA9-08ACE8AA2E65}.Release|Any CPU.Build.0 = Release|Any CPU
		{25F1AD23-89AA-4A7C-8BEB-223CAA9FE60D}.Debug|Any CPU.ActiveCfg = Debug|Any CPU
		{25F1AD23-89AA-4A7C-8BEB-223CAA9FE60D}.Debug|Any CPU.Build.0 = Debug|Any CPU
		{25F1AD23-89AA-4A7C-8BEB-223CAA9FE60D}.Release|Any CPU.ActiveCfg = Release|Any CPU
		{25F1AD23-89AA-4A7C-8BEB-223CAA9FE60D}.Release|Any CPU.Build.0 = Release|Any CPU
	EndGlobalSection
	GlobalSection(SolutionProperties) = preSolution
		HideSolutionNode = FALSE
	EndGlobalSection
	GlobalSection(ExtensibilityGlobals) = postSolution
		SolutionGuid = {83ECAA8C-B444-4862-B164-ABC177648439}
	EndGlobalSection
EndGlobal
